{
  "projects": [
    {
      "projectId": "tuYYL4LS2Mqra35JfVEDDQ",
      "version": "latest",
      "dependencies": {},
      "lang": "ts",
      "fileLocks": [
        {
          "type": "globalVariant",
          "assetId": "N4sC0sB8s1vh8",
          "checksum": "6e8512e8a3dcfae6685190cee86fe055"
        },
        {
          "type": "renderModule",
          "assetId": "GHk0XOTFepbi",
          "checksum": "4badfa7ea7695bb88dcf0bbfffa76bda"
        },
        {
          "type": "cssRules",
          "assetId": "GHk0XOTFepbi",
          "checksum": "4badfa7ea7695bb88dcf0bbfffa76bda"
        },
        {
          "type": "renderModule",
          "assetId": "C8CO_Ru30Q",
          "checksum": "bc3278b9521604c2d993eaec80f7884f"
        },
        {
          "type": "cssRules",
          "assetId": "C8CO_Ru30Q",
          "checksum": "bc3278b9521604c2d993eaec80f7884f"
        },
        {
          "type": "renderModule",
          "assetId": "wphpnoIP_G8",
          "checksum": "6eec4ea0bb24914907bee343d1df0bb7"
        },
        {
          "type": "cssRules",
          "assetId": "wphpnoIP_G8",
          "checksum": "6eec4ea0bb24914907bee343d1df0bb7"
        },
        {
          "type": "icon",
          "assetId": "i-vm5fwpkkY",
          "checksum": "97115487e2f61b156e109eee751697e5"
        },
        {
          "type": "icon",
          "assetId": "jHbu47_nmiW",
          "checksum": "93a3e35ec485a0c3bdccc9aecf912676"
        },
        {
          "type": "renderModule",
          "assetId": "fRHsx5DIbD",
          "checksum": "b12d54d6179f503347a6d16aad38b431"
        },
        {
          "type": "cssRules",
          "assetId": "fRHsx5DIbD",
          "checksum": "b12d54d6179f503347a6d16aad38b431"
        },
        {
          "type": "renderModule",
          "assetId": "dkHDomhMsH",
          "checksum": "d1c10ab75e15bb698c078f6ddf0db940"
        },
        {
          "type": "cssRules",
          "assetId": "dkHDomhMsH",
          "checksum": "d1c10ab75e15bb698c078f6ddf0db940"
        },
        {
          "type": "renderModule",
          "assetId": "qPdD8fI2Ow",
          "checksum": "84c0fe3c47860828a82acb929cdd0397"
        },
        {
          "type": "cssRules",
          "assetId": "qPdD8fI2Ow",
          "checksum": "84c0fe3c47860828a82acb929cdd0397"
        },
        {
          "type": "renderModule",
          "assetId": "9ljEDf5OMQM",
          "checksum": "406db550d627fd77b29152fcb84f3fff"
        },
        {
          "type": "cssRules",
          "assetId": "9ljEDf5OMQM",
          "checksum": "406db550d627fd77b29152fcb84f3fff"
        },
        {
          "type": "icon",
          "assetId": "X-S4N8Ewv2b",
          "checksum": "0984d84e46b8eb3f6beaaeba18315293"
        },
        {
          "type": "icon",
          "assetId": "8dFCSNKlq",
          "checksum": "14189696ec3c0066f47894c7f176ffdf"
        },
        {
          "type": "renderModule",
          "assetId": "3oTZPmOQXw",
          "checksum": "2bc67a479a2ffab3f0d00b964588aeaa"
        },
        {
          "type": "cssRules",
          "assetId": "3oTZPmOQXw",
          "checksum": "2bc67a479a2ffab3f0d00b964588aeaa"
        },
        {
          "type": "renderModule",
          "assetId": "aUbJMRLkoZ",
          "checksum": "ddc4bad3f10f8ef4fbc8f95ce7cc3d08"
        },
        {
          "type": "cssRules",
          "assetId": "aUbJMRLkoZ",
          "checksum": "ddc4bad3f10f8ef4fbc8f95ce7cc3d08"
        },
        {
          "type": "renderModule",
          "assetId": "1KykzanB-I",
          "checksum": "358010ae9cc4f2a7aaec6a2d135a4309"
        },
        {
          "type": "cssRules",
          "assetId": "1KykzanB-I",
          "checksum": "358010ae9cc4f2a7aaec6a2d135a4309"
        },
        {
          "type": "renderModule",
          "assetId": "kv2sB2fQdM",
          "checksum": "5883c4e9642bebcd541bc4e2acc1153a"
        },
        {
          "type": "cssRules",
          "assetId": "kv2sB2fQdM",
          "checksum": "5883c4e9642bebcd541bc4e2acc1153a"
        },
        {
          "type": "renderModule",
          "assetId": "M28hjAiCwM",
          "checksum": "56ae4cbe0ca737542b3a831365aa2272"
        },
        {
          "type": "cssRules",
          "assetId": "M28hjAiCwM",
          "checksum": "56ae4cbe0ca737542b3a831365aa2272"
        },
        {
          "type": "renderModule",
          "assetId": "csngSC__Aa",
          "checksum": "b6ef3468b5b4ea0d2c9f670fc191c2b9"
        },
        {
          "type": "cssRules",
          "assetId": "csngSC__Aa",
          "checksum": "b6ef3468b5b4ea0d2c9f670fc191c2b9"
        },
        {
          "type": "renderModule",
          "assetId": "t8CM_vbY1N",
          "checksum": "6a742082624e8a63cb653e19476edd89"
        },
        {
          "type": "cssRules",
          "assetId": "t8CM_vbY1N",
          "checksum": "6a742082624e8a63cb653e19476edd89"
        },
        {
          "type": "renderModule",
          "assetId": "xAq7uYieV4",
          "checksum": "6483a85f236ca1392aee18e396fea665"
        },
        {
          "type": "cssRules",
          "assetId": "xAq7uYieV4",
          "checksum": "6483a85f236ca1392aee18e396fea665"
        },
        {
          "type": "renderModule",
          "assetId": "KmtBQD-No4",
          "checksum": "38f9b32831d266ed303e7888137393b3"
        },
        {
          "type": "cssRules",
          "assetId": "KmtBQD-No4",
          "checksum": "38f9b32831d266ed303e7888137393b3"
        },
        {
          "type": "renderModule",
          "assetId": "1SkV-WKjFZ",
          "checksum": "e7a374137943618d6309bd8eec7a4921"
        },
        {
          "type": "cssRules",
          "assetId": "1SkV-WKjFZ",
          "checksum": "e7a374137943618d6309bd8eec7a4921"
        },
        {
          "type": "renderModule",
          "assetId": "-E2Ngdl7gzB",
          "checksum": "988ab4f21130033c016ebfc4cd0d0ab1"
        },
        {
          "type": "cssRules",
          "assetId": "-E2Ngdl7gzB",
          "checksum": "988ab4f21130033c016ebfc4cd0d0ab1"
        },
        {
          "type": "icon",
          "assetId": "BRlNmPiWlJ",
          "checksum": "1359feba3eb2cb1db426763bbb253ca7"
        },
        {
          "type": "icon",
          "assetId": "Bz9hufRfV0",
          "checksum": "112418e59f715285db46985437e894c3"
        },
        {
          "type": "icon",
          "assetId": "yHFyNPQ13F",
          "checksum": "bf38ea0ad10e78ed16963796e6be5ffc"
        },
        {
          "assetId": "tuYYL4LS2Mqra35JfVEDDQ",
          "type": "projectCss",
          "checksum": "08115f50b71a96b955c07cf0b673c7a0"
        }
      ],
      "codegenVersion": "0.0.1"
    }
  ],
  "cliVersion": "0.1.187"
}
