{
  "projects": [
    {
      "projectId": "tuYYL4LS2Mqra35JfVEDDQ",
      "version": "latest",
      "dependencies": {},
      "lang": "ts",
      "fileLocks": [
        {
          "type": "globalVariant",
          "assetId": "N4sC0sB8s1vh8",
          "checksum": "6e8512e8a3dcfae6685190cee86fe055"
        },
        {
          "type": "renderModule",
          "assetId": "GHk0XOTFepbi",
          "checksum": "0f430bf60e6ffb304f813e8306d4b3cc"
        },
        {
          "type": "cssRules",
          "assetId": "GHk0XOTFepbi",
          "checksum": "0f430bf60e6ffb304f813e8306d4b3cc"
        },
        {
          "type": "renderModule",
          "assetId": "C8CO_Ru30Q",
          "checksum": "97663994a269ba11c6fc14edc789afe0"
        },
        {
          "type": "cssRules",
          "assetId": "C8CO_Ru30Q",
          "checksum": "97663994a269ba11c6fc14edc789afe0"
        },
        {
          "type": "renderModule",
          "assetId": "wphpnoIP_G8",
          "checksum": "dbb61504803420397bde6071c0b1dd8a"
        },
        {
          "type": "cssRules",
          "assetId": "wphpnoIP_G8",
          "checksum": "dbb61504803420397bde6071c0b1dd8a"
        },
        {
          "type": "icon",
          "assetId": "i-vm5fwpkkY",
          "checksum": "97115487e2f61b156e109eee751697e5"
        },
        {
          "type": "icon",
          "assetId": "jHbu47_nmiW",
          "checksum": "93a3e35ec485a0c3bdccc9aecf912676"
        },
        {
          "type": "renderModule",
          "assetId": "fRHsx5DIbD",
          "checksum": "83b934477b1b8c7cd34acab8902981f7"
        },
        {
          "type": "cssRules",
          "assetId": "fRHsx5DIbD",
          "checksum": "83b934477b1b8c7cd34acab8902981f7"
        },
        {
          "type": "renderModule",
          "assetId": "dkHDomhMsH",
          "checksum": "ec20db8c850af6e0c0273b9ac51ce270"
        },
        {
          "type": "cssRules",
          "assetId": "dkHDomhMsH",
          "checksum": "ec20db8c850af6e0c0273b9ac51ce270"
        },
        {
          "type": "renderModule",
          "assetId": "qPdD8fI2Ow",
          "checksum": "1a54f40683dd45b310559b65d1f6fc1b"
        },
        {
          "type": "cssRules",
          "assetId": "qPdD8fI2Ow",
          "checksum": "1a54f40683dd45b310559b65d1f6fc1b"
        },
        {
          "type": "renderModule",
          "assetId": "9ljEDf5OMQM",
          "checksum": "d85a7e6580a81d87b43805e2f021c3b2"
        },
        {
          "type": "cssRules",
          "assetId": "9ljEDf5OMQM",
          "checksum": "d85a7e6580a81d87b43805e2f021c3b2"
        },
        {
          "type": "icon",
          "assetId": "X-S4N8Ewv2b",
          "checksum": "0984d84e46b8eb3f6beaaeba18315293"
        },
        {
          "type": "icon",
          "assetId": "8dFCSNKlq",
          "checksum": "14189696ec3c0066f47894c7f176ffdf"
        },
        {
          "type": "renderModule",
          "assetId": "3oTZPmOQXw",
          "checksum": "f8d47140309e8758bec41fae7a5a28a3"
        },
        {
          "type": "cssRules",
          "assetId": "3oTZPmOQXw",
          "checksum": "f8d47140309e8758bec41fae7a5a28a3"
        },
        {
          "type": "renderModule",
          "assetId": "aUbJMRLkoZ",
          "checksum": "ce4c8e093dddc63693becaa1502006f7"
        },
        {
          "type": "cssRules",
          "assetId": "aUbJMRLkoZ",
          "checksum": "ce4c8e093dddc63693becaa1502006f7"
        },
        {
          "type": "renderModule",
          "assetId": "1KykzanB-I",
          "checksum": "dfb671c2f40fc33dc76ed8cdb5a43488"
        },
        {
          "type": "cssRules",
          "assetId": "1KykzanB-I",
          "checksum": "dfb671c2f40fc33dc76ed8cdb5a43488"
        },
        {
          "type": "renderModule",
          "assetId": "kv2sB2fQdM",
          "checksum": "71b356aa237352d32e46460209f0a0a0"
        },
        {
          "type": "cssRules",
          "assetId": "kv2sB2fQdM",
          "checksum": "71b356aa237352d32e46460209f0a0a0"
        },
        {
          "type": "renderModule",
          "assetId": "M28hjAiCwM",
          "checksum": "f91508a96c68cc15a3fc53a533802c74"
        },
        {
          "type": "cssRules",
          "assetId": "M28hjAiCwM",
          "checksum": "f91508a96c68cc15a3fc53a533802c74"
        },
        {
          "type": "renderModule",
          "assetId": "csngSC__Aa",
          "checksum": "b4067a375f1358cda7b4a9edace5f468"
        },
        {
          "type": "cssRules",
          "assetId": "csngSC__Aa",
          "checksum": "b4067a375f1358cda7b4a9edace5f468"
        },
        {
          "type": "renderModule",
          "assetId": "t8CM_vbY1N",
          "checksum": "41002eb50804d02b1d9207591a805735"
        },
        {
          "type": "cssRules",
          "assetId": "t8CM_vbY1N",
          "checksum": "41002eb50804d02b1d9207591a805735"
        },
        {
          "type": "renderModule",
          "assetId": "xAq7uYieV4",
          "checksum": "3f2602e8dd1a0a44af0405df9635733b"
        },
        {
          "type": "cssRules",
          "assetId": "xAq7uYieV4",
          "checksum": "3f2602e8dd1a0a44af0405df9635733b"
        },
        {
          "type": "renderModule",
          "assetId": "KmtBQD-No4",
          "checksum": "5a8cc5ba24166b5e9d053dee287909e8"
        },
        {
          "type": "cssRules",
          "assetId": "KmtBQD-No4",
          "checksum": "5a8cc5ba24166b5e9d053dee287909e8"
        },
        {
          "type": "renderModule",
          "assetId": "1SkV-WKjFZ",
          "checksum": "0c1fa193d572f43ef513d2b662c2782a"
        },
        {
          "type": "cssRules",
          "assetId": "1SkV-WKjFZ",
          "checksum": "0c1fa193d572f43ef513d2b662c2782a"
        },
        {
          "type": "renderModule",
          "assetId": "-E2Ngdl7gzB",
          "checksum": "ab723e5889013c7d58c3ef1b5a936c2c"
        },
        {
          "type": "cssRules",
          "assetId": "-E2Ngdl7gzB",
          "checksum": "ab723e5889013c7d58c3ef1b5a936c2c"
        },
        {
          "type": "icon",
          "assetId": "BRlNmPiWlJ",
          "checksum": "1359feba3eb2cb1db426763bbb253ca7"
        },
        {
          "type": "icon",
          "assetId": "Bz9hufRfV0",
          "checksum": "112418e59f715285db46985437e894c3"
        },
        {
          "type": "icon",
          "assetId": "yHFyNPQ13F",
          "checksum": "bf38ea0ad10e78ed16963796e6be5ffc"
        },
        {
          "assetId": "tuYYL4LS2Mqra35JfVEDDQ",
          "type": "projectCss",
          "checksum": "08115f50b71a96b955c07cf0b673c7a0"
        }
      ],
      "codegenVersion": "0.0.1"
    }
  ],
  "cliVersion": "0.1.187"
}
